
Microsoft Visual Studio Solution File, Format Version 12.00
# Visual Studio Version 17
VisualStudioVersion = 17.3.32922.545
MinimumVisualStudioVersion = 10.0.40219.1
Project("{FAE04EC0-301F-11D3-BF4B-00C04F79EFBC}") = "Supermarket.WebAPI", "Supermarket.WebAPI\Supermarket.WebAPI.csproj", "{860CB026-9156-4BF7-BAF6-7D57ACC7DF1A}"
EndProject
Global
	GlobalSection(SolutionConfigurationPlatforms) = preSolution
		Debug|Any CPU = Debug|Any CPU
		Release|Any CPU = Release|Any CPU
	EndGlobalSection
	GlobalSection(ProjectConfigurationPlatforms) = postSolution
		{860CB026-9156-4BF7-BAF6-7D57ACC7DF1A}.Debug|Any CPU.ActiveCfg = Debug|Any CPU
		{860CB026-9156-4BF7-BAF6-7D57ACC7DF1A}.Debug|Any CPU.Build.0 = Debug|Any CPU
		{860CB026-9156-4BF7-BAF6-7D57ACC7DF1A}.Release|Any CPU.ActiveCfg = Release|Any CPU
		{860CB026-9156-4BF7-BAF6-7D57ACC7DF1A}.Release|Any CPU.Build.0 = Release|Any CPU
	EndGlobalSection
	GlobalSection(SolutionProperties) = preSolution
		HideSolutionNode = FALSE
	EndGlobalSection
	GlobalSection(ExtensibilityGlobals) = postSolution
		SolutionGuid = {5D8F6115-9F7E-43C5-A077-4BE395050AC2}
	EndGlobalSection
EndGlobal
